// !$*UTF8*$!
{
	archiveVersion = 1;
	classes = {
	};
	objectVersion = 46;
	objects = {

/* Begin PBXBuildFile section */
		0A2DFD201C5F453500A364B5 /* UpdateMessage.swift in Sources */ = {isa = PBXBuildFile; fileRef = 0A2DFD1F1C5F453500A364B5 /* UpdateMessage.swift */; };
		0A36C5BE1C5FD27E009208DC /* DeleteMessage.swift in Sources */ = {isa = PBXBuildFile; fileRef = 0A36C5BD1C5FD27E009208DC /* DeleteMessage.swift */; };
		0A4246E51C60DD7200158D8E /* QueryMessage.swift in Sources */ = {isa = PBXBuildFile; fileRef = 0A4246E41C60DD7200158D8E /* QueryMessage.swift */; };
		0A4246E81C60DD7700158D8E /* ReplyMessage.swift in Sources */ = {isa = PBXBuildFile; fileRef = 0A4246E71C60DD7700158D8E /* ReplyMessage.swift */; };
		0A4670701C6B9BE500101CCD /* Helper.swift in Sources */ = {isa = PBXBuildFile; fileRef = 0A46706F1C6B9BE500101CCD /* Helper.swift */; };
		0A4670751C6BA8B200101CCD /* MongoKitten.framework in Frameworks */ = {isa = PBXBuildFile; fileRef = 0AB842621C5EA80D005CC6B4 /* MongoKitten.framework */; };
		0AB842721C5EA80E005CC6B4 /* MongoKittenTests.swift in Sources */ = {isa = PBXBuildFile; fileRef = 0AB842711C5EA80E005CC6B4 /* MongoKittenTests.swift */; };
		0AB842911C5EC46C005CC6B4 /* Server.swift in Sources */ = {isa = PBXBuildFile; fileRef = 0AB842901C5EC46C005CC6B4 /* Server.swift */; };
		0AB842931C5EC48A005CC6B4 /* Database.swift in Sources */ = {isa = PBXBuildFile; fileRef = 0AB842921C5EC48A005CC6B4 /* Database.swift */; };
		0AB842951C5EC495005CC6B4 /* Collection.swift in Sources */ = {isa = PBXBuildFile; fileRef = 0AB842941C5EC495005CC6B4 /* Collection.swift */; };
		0AB842981C5EC4BA005CC6B4 /* Message.swift in Sources */ = {isa = PBXBuildFile; fileRef = 0AB842971C5EC4BA005CC6B4 /* Message.swift */; };
		0AB8429A1C5EC5D0005CC6B4 /* OperationCode.swift in Sources */ = {isa = PBXBuildFile; fileRef = 0AB842991C5EC5D0005CC6B4 /* OperationCode.swift */; };
		0AB8429C1C5EC600005CC6B4 /* InsertMessage.swift in Sources */ = {isa = PBXBuildFile; fileRef = 0AB8429B1C5EC600005CC6B4 /* InsertMessage.swift */; };
		F2B9F6FF1C6A420D004383A9 /* BSON.framework in Frameworks */ = {isa = PBXBuildFile; fileRef = F2B9F6FE1C6A420D004383A9 /* BSON.framework */; };
		F2B9F7011C6A4210004383A9 /* When.framework in Frameworks */ = {isa = PBXBuildFile; fileRef = F2B9F7001C6A4210004383A9 /* When.framework */; };
		F2CC563B1C6CD0C5009BA6E2 /* PlanTCP.framework in Frameworks */ = {isa = PBXBuildFile; fileRef = F2CC563A1C6CD0C5009BA6E2 /* PlanTCP.framework */; };
/* End PBXBuildFile section */

/* Begin PBXContainerItemProxy section */
		0AB8426E1C5EA80E005CC6B4 /* PBXContainerItemProxy */ = {
			isa = PBXContainerItemProxy;
			containerPortal = 0AB842591C5EA80D005CC6B4 /* Project object */;
			proxyType = 1;
			remoteGlobalIDString = 0AB842611C5EA80D005CC6B4;
			remoteInfo = MongoKitten;
		};
/* End PBXContainerItemProxy section */

/* Begin PBXFileReference section */
		0A2DFD1F1C5F453500A364B5 /* UpdateMessage.swift */ = {isa = PBXFileReference; fileEncoding = 4; lastKnownFileType = sourcecode.swift; path = UpdateMessage.swift; sourceTree = "<group>"; };
		0A36C5BD1C5FD27E009208DC /* DeleteMessage.swift */ = {isa = PBXFileReference; fileEncoding = 4; lastKnownFileType = sourcecode.swift; path = DeleteMessage.swift; sourceTree = "<group>"; };
		0A4246E41C60DD7200158D8E /* QueryMessage.swift */ = {isa = PBXFileReference; fileEncoding = 4; lastKnownFileType = sourcecode.swift; path = QueryMessage.swift; sourceTree = "<group>"; };
		0A4246E71C60DD7700158D8E /* ReplyMessage.swift */ = {isa = PBXFileReference; fileEncoding = 4; lastKnownFileType = sourcecode.swift; path = ReplyMessage.swift; sourceTree = "<group>"; };
		0A46706F1C6B9BE500101CCD /* Helper.swift */ = {isa = PBXFileReference; fileEncoding = 4; lastKnownFileType = sourcecode.swift; path = Helper.swift; sourceTree = "<group>"; };
		0AB2CBC51C69E5370009405F /* Package.swift */ = {isa = PBXFileReference; fileEncoding = 4; lastKnownFileType = sourcecode.swift; path = Package.swift; sourceTree = "<group>"; };
		0AB842621C5EA80D005CC6B4 /* MongoKitten.framework */ = {isa = PBXFileReference; explicitFileType = wrapper.framework; includeInIndex = 0; path = MongoKitten.framework; sourceTree = BUILT_PRODUCTS_DIR; };
		0AB8426C1C5EA80E005CC6B4 /* MongoKittenTests.xctest */ = {isa = PBXFileReference; explicitFileType = wrapper.cfbundle; includeInIndex = 0; path = MongoKittenTests.xctest; sourceTree = BUILT_PRODUCTS_DIR; };
		0AB842711C5EA80E005CC6B4 /* MongoKittenTests.swift */ = {isa = PBXFileReference; lastKnownFileType = sourcecode.swift; path = MongoKittenTests.swift; sourceTree = "<group>"; };
		0AB842901C5EC46C005CC6B4 /* Server.swift */ = {isa = PBXFileReference; fileEncoding = 4; lastKnownFileType = sourcecode.swift; path = Server.swift; sourceTree = "<group>"; };
		0AB842921C5EC48A005CC6B4 /* Database.swift */ = {isa = PBXFileReference; fileEncoding = 4; lastKnownFileType = sourcecode.swift; path = Database.swift; sourceTree = "<group>"; };
		0AB842941C5EC495005CC6B4 /* Collection.swift */ = {isa = PBXFileReference; fileEncoding = 4; lastKnownFileType = sourcecode.swift; path = Collection.swift; sourceTree = "<group>"; };
		0AB842971C5EC4BA005CC6B4 /* Message.swift */ = {isa = PBXFileReference; fileEncoding = 4; lastKnownFileType = sourcecode.swift; path = Message.swift; sourceTree = "<group>"; };
		0AB842991C5EC5D0005CC6B4 /* OperationCode.swift */ = {isa = PBXFileReference; fileEncoding = 4; lastKnownFileType = sourcecode.swift; path = OperationCode.swift; sourceTree = "<group>"; };
		0AB8429B1C5EC600005CC6B4 /* InsertMessage.swift */ = {isa = PBXFileReference; fileEncoding = 4; lastKnownFileType = sourcecode.swift; path = InsertMessage.swift; sourceTree = "<group>"; };
		F2B9F6FC1C6A41C7004383A9 /* Info.plist */ = {isa = PBXFileReference; lastKnownFileType = text.plist.xml; name = Info.plist; path = Xcode/Info.plist; sourceTree = "<group>"; };
		F2B9F6FD1C6A41C7004383A9 /* TestInfo.plist */ = {isa = PBXFileReference; lastKnownFileType = text.plist.xml; name = TestInfo.plist; path = Xcode/TestInfo.plist; sourceTree = "<group>"; };
		F2B9F6FE1C6A420D004383A9 /* BSON.framework */ = {isa = PBXFileReference; lastKnownFileType = wrapper.framework; name = BSON.framework; path = "../../../Library/Developer/Xcode/DerivedData/MongoKitten-gmavkjnhenxzhlbeqllcjomziaaw/Build/Products/Debug/BSON.framework"; sourceTree = "<group>"; };
		F2B9F7001C6A4210004383A9 /* When.framework */ = {isa = PBXFileReference; lastKnownFileType = wrapper.framework; name = When.framework; path = Xcode/Dependencies/When/build/Debug/When.framework; sourceTree = "<group>"; };
		F2CC563A1C6CD0C5009BA6E2 /* PlanTCP.framework */ = {isa = PBXFileReference; lastKnownFileType = wrapper.framework; name = PlanTCP.framework; path = Xcode/Dependencies/PlanTCP/build/Debug/PlanTCP.framework; sourceTree = "<group>"; };
		F2CC563C1C6CD56C009BA6E2 /* README.md */ = {isa = PBXFileReference; fileEncoding = 4; lastKnownFileType = net.daringfireball.markdown; path = README.md; sourceTree = "<group>"; };
/* End PBXFileReference section */

/* Begin PBXFrameworksBuildPhase section */
		0AB8425E1C5EA80D005CC6B4 /* Frameworks */ = {
			isa = PBXFrameworksBuildPhase;
			buildActionMask = 2147483647;
			files = (
				F2CC563B1C6CD0C5009BA6E2 /* PlanTCP.framework in Frameworks */,
				F2B9F7011C6A4210004383A9 /* When.framework in Frameworks */,
				F2B9F6FF1C6A420D004383A9 /* BSON.framework in Frameworks */,
			);
			runOnlyForDeploymentPostprocessing = 0;
		};
		0AB842691C5EA80E005CC6B4 /* Frameworks */ = {
			isa = PBXFrameworksBuildPhase;
			buildActionMask = 2147483647;
			files = (
				0A4670751C6BA8B200101CCD /* MongoKitten.framework in Frameworks */,
			);
			runOnlyForDeploymentPostprocessing = 0;
		};
/* End PBXFrameworksBuildPhase section */

/* Begin PBXGroup section */
		0AB842581C5EA80D005CC6B4 = {
			isa = PBXGroup;
			children = (
				F2CC563C1C6CD56C009BA6E2 /* README.md */,
				0AB2CBC51C69E5370009405F /* Package.swift */,
				0AB842641C5EA80D005CC6B4 /* Sources */,
				0AB842701C5EA80E005CC6B4 /* Tests */,
				F2B9F6FB1C6A41B8004383A9 /* Crap */,
			);
			sourceTree = "<group>";
		};
		0AB842631C5EA80D005CC6B4 /* Products */ = {
			isa = PBXGroup;
			children = (
				0AB842621C5EA80D005CC6B4 /* MongoKitten.framework */,
				0AB8426C1C5EA80E005CC6B4 /* MongoKittenTests.xctest */,
			);
			name = Products;
			sourceTree = "<group>";
		};
		0AB842641C5EA80D005CC6B4 /* Sources */ = {
			isa = PBXGroup;
			children = (
				0AB842961C5EC4A7005CC6B4 /* Messages */,
				0AB842901C5EC46C005CC6B4 /* Server.swift */,
				0AB842921C5EC48A005CC6B4 /* Database.swift */,
				0A46706F1C6B9BE500101CCD /* Helper.swift */,
				0AB842941C5EC495005CC6B4 /* Collection.swift */,
				0AB842991C5EC5D0005CC6B4 /* OperationCode.swift */,
			);
			path = Sources;
			sourceTree = "<group>";
		};
		0AB842701C5EA80E005CC6B4 /* Tests */ = {
			isa = PBXGroup;
			children = (
				0AB842711C5EA80E005CC6B4 /* MongoKittenTests.swift */,
			);
			path = Tests;
			sourceTree = "<group>";
		};
		0AB842961C5EC4A7005CC6B4 /* Messages */ = {
			isa = PBXGroup;
			children = (
				0AB842971C5EC4BA005CC6B4 /* Message.swift */,
				0AB8429B1C5EC600005CC6B4 /* InsertMessage.swift */,
				0A4246E41C60DD7200158D8E /* QueryMessage.swift */,
				0A2DFD1F1C5F453500A364B5 /* UpdateMessage.swift */,
				0A36C5BD1C5FD27E009208DC /* DeleteMessage.swift */,
				0A4246E71C60DD7700158D8E /* ReplyMessage.swift */,
			);
			name = Messages;
			sourceTree = "<group>";
		};
		F2B9F6FB1C6A41B8004383A9 /* Crap */ = {
			isa = PBXGroup;
			children = (
				F2CC563A1C6CD0C5009BA6E2 /* PlanTCP.framework */,
				0AB842631C5EA80D005CC6B4 /* Products */,
				F2B9F7001C6A4210004383A9 /* When.framework */,
				F2B9F6FE1C6A420D004383A9 /* BSON.framework */,
				F2B9F6FC1C6A41C7004383A9 /* Info.plist */,
				F2B9F6FD1C6A41C7004383A9 /* TestInfo.plist */,
			);
			name = Crap;
			sourceTree = "<group>";
		};
/* End PBXGroup section */

/* Begin PBXHeadersBuildPhase section */
		0AB8425F1C5EA80D005CC6B4 /* Headers */ = {
			isa = PBXHeadersBuildPhase;
			buildActionMask = 2147483647;
			files = (
			);
			runOnlyForDeploymentPostprocessing = 0;
		};
/* End PBXHeadersBuildPhase section */

/* Begin PBXNativeTarget section */
		0AB842611C5EA80D005CC6B4 /* MongoKitten */ = {
			isa = PBXNativeTarget;
			buildConfigurationList = 0AB842761C5EA80E005CC6B4 /* Build configuration list for PBXNativeTarget "MongoKitten" */;
			buildPhases = (
				0AB8425D1C5EA80D005CC6B4 /* Sources */,
				0AB8425E1C5EA80D005CC6B4 /* Frameworks */,
				0AB8425F1C5EA80D005CC6B4 /* Headers */,
				0AB842601C5EA80D005CC6B4 /* Resources */,
			);
			buildRules = (
			);
			dependencies = (
			);
			name = MongoKitten;
			productName = MongoKitten;
			productReference = 0AB842621C5EA80D005CC6B4 /* MongoKitten.framework */;
			productType = "com.apple.product-type.framework";
		};
		0AB8426B1C5EA80E005CC6B4 /* MongoKittenTests */ = {
			isa = PBXNativeTarget;
			buildConfigurationList = 0AB842791C5EA80E005CC6B4 /* Build configuration list for PBXNativeTarget "MongoKittenTests" */;
			buildPhases = (
				0AB842681C5EA80E005CC6B4 /* Sources */,
				0AB8426A1C5EA80E005CC6B4 /* Resources */,
				0AB842691C5EA80E005CC6B4 /* Frameworks */,
			);
			buildRules = (
			);
			dependencies = (
				0AB8426F1C5EA80E005CC6B4 /* PBXTargetDependency */,
			);
			name = MongoKittenTests;
			productName = MongoKittenTests;
			productReference = 0AB8426C1C5EA80E005CC6B4 /* MongoKittenTests.xctest */;
			productType = "com.apple.product-type.bundle.unit-test";
		};
/* End PBXNativeTarget section */

/* Begin PBXProject section */
		0AB842591C5EA80D005CC6B4 /* Project object */ = {
			isa = PBXProject;
			attributes = {
				LastSwiftUpdateCheck = 0720;
				LastUpgradeCheck = 0720;
				ORGANIZATIONNAME = PlanTeam;
				TargetAttributes = {
					0AB842611C5EA80D005CC6B4 = {
						CreatedOnToolsVersion = 7.2;
					};
					0AB8426B1C5EA80E005CC6B4 = {
						CreatedOnToolsVersion = 7.2;
					};
				};
			};
			buildConfigurationList = 0AB8425C1C5EA80D005CC6B4 /* Build configuration list for PBXProject "MongoKitten" */;
			compatibilityVersion = "Xcode 3.2";
			developmentRegion = English;
			hasScannedForEncodings = 0;
			knownRegions = (
				en,
			);
			mainGroup = 0AB842581C5EA80D005CC6B4;
			productRefGroup = 0AB842631C5EA80D005CC6B4 /* Products */;
			projectDirPath = "";
			projectRoot = "";
			targets = (
				0AB842611C5EA80D005CC6B4 /* MongoKitten */,
				0AB8426B1C5EA80E005CC6B4 /* MongoKittenTests */,
			);
		};
/* End PBXProject section */

/* Begin PBXResourcesBuildPhase section */
		0AB842601C5EA80D005CC6B4 /* Resources */ = {
			isa = PBXResourcesBuildPhase;
			buildActionMask = 2147483647;
			files = (
			);
			runOnlyForDeploymentPostprocessing = 0;
		};
		0AB8426A1C5EA80E005CC6B4 /* Resources */ = {
			isa = PBXResourcesBuildPhase;
			buildActionMask = 2147483647;
			files = (
			);
			runOnlyForDeploymentPostprocessing = 0;
		};
/* End PBXResourcesBuildPhase section */

/* Begin PBXSourcesBuildPhase section */
		0AB8425D1C5EA80D005CC6B4 /* Sources */ = {
			isa = PBXSourcesBuildPhase;
			buildActionMask = 2147483647;
			files = (
				0A4670701C6B9BE500101CCD /* Helper.swift in Sources */,
				0A4246E51C60DD7200158D8E /* QueryMessage.swift in Sources */,
				0AB842951C5EC495005CC6B4 /* Collection.swift in Sources */,
				0AB842981C5EC4BA005CC6B4 /* Message.swift in Sources */,
				0AB842931C5EC48A005CC6B4 /* Database.swift in Sources */,
				0A4246E81C60DD7700158D8E /* ReplyMessage.swift in Sources */,
				0AB842911C5EC46C005CC6B4 /* Server.swift in Sources */,
				0A2DFD201C5F453500A364B5 /* UpdateMessage.swift in Sources */,
				0AB8429C1C5EC600005CC6B4 /* InsertMessage.swift in Sources */,
				0A36C5BE1C5FD27E009208DC /* DeleteMessage.swift in Sources */,
				0AB8429A1C5EC5D0005CC6B4 /* OperationCode.swift in Sources */,
			);
			runOnlyForDeploymentPostprocessing = 0;
		};
		0AB842681C5EA80E005CC6B4 /* Sources */ = {
			isa = PBXSourcesBuildPhase;
			buildActionMask = 2147483647;
			files = (
				0AB842721C5EA80E005CC6B4 /* MongoKittenTests.swift in Sources */,
			);
			runOnlyForDeploymentPostprocessing = 0;
		};
/* End PBXSourcesBuildPhase section */

/* Begin PBXTargetDependency section */
		0AB8426F1C5EA80E005CC6B4 /* PBXTargetDependency */ = {
			isa = PBXTargetDependency;
			target = 0AB842611C5EA80D005CC6B4 /* MongoKitten */;
			targetProxy = 0AB8426E1C5EA80E005CC6B4 /* PBXContainerItemProxy */;
		};
/* End PBXTargetDependency section */

/* Begin XCBuildConfiguration section */
		0AB842741C5EA80E005CC6B4 /* Debug */ = {
			isa = XCBuildConfiguration;
			buildSettings = {
				ALWAYS_SEARCH_USER_PATHS = NO;
				CLANG_CXX_LANGUAGE_STANDARD = "gnu++0x";
				CLANG_CXX_LIBRARY = "libc++";
				CLANG_ENABLE_MODULES = YES;
				CLANG_ENABLE_OBJC_ARC = YES;
				CLANG_WARN_BOOL_CONVERSION = YES;
				CLANG_WARN_CONSTANT_CONVERSION = YES;
				CLANG_WARN_DIRECT_OBJC_ISA_USAGE = YES_ERROR;
				CLANG_WARN_EMPTY_BODY = YES;
				CLANG_WARN_ENUM_CONVERSION = YES;
				CLANG_WARN_INT_CONVERSION = YES;
				CLANG_WARN_OBJC_ROOT_CLASS = YES_ERROR;
				CLANG_WARN_UNREACHABLE_CODE = YES;
				CLANG_WARN__DUPLICATE_METHOD_MATCH = YES;
				CODE_SIGN_IDENTITY = "-";
				COPY_PHASE_STRIP = NO;
				CURRENT_PROJECT_VERSION = 1;
				DEBUG_INFORMATION_FORMAT = dwarf;
				ENABLE_STRICT_OBJC_MSGSEND = YES;
				ENABLE_TESTABILITY = YES;
				GCC_C_LANGUAGE_STANDARD = gnu99;
				GCC_DYNAMIC_NO_PIC = NO;
				GCC_NO_COMMON_BLOCKS = YES;
				GCC_OPTIMIZATION_LEVEL = 0;
				GCC_PREPROCESSOR_DEFINITIONS = (
					"DEBUG=1",
					"$(inherited)",
				);
				GCC_WARN_64_TO_32_BIT_CONVERSION = YES;
				GCC_WARN_ABOUT_RETURN_TYPE = YES_ERROR;
				GCC_WARN_UNDECLARED_SELECTOR = YES;
				GCC_WARN_UNINITIALIZED_AUTOS = YES_AGGRESSIVE;
				GCC_WARN_UNUSED_FUNCTION = YES;
				GCC_WARN_UNUSED_VARIABLE = YES;
				MACOSX_DEPLOYMENT_TARGET = 10.11;
				MTL_ENABLE_DEBUG_INFO = YES;
				ONLY_ACTIVE_ARCH = YES;
				SDKROOT = macosx;
				SWIFT_OPTIMIZATION_LEVEL = "-Onone";
				VERSIONING_SYSTEM = "apple-generic";
				VERSION_INFO_PREFIX = "";
			};
			name = Debug;
		};
		0AB842751C5EA80E005CC6B4 /* Release */ = {
			isa = XCBuildConfiguration;
			buildSettings = {
				ALWAYS_SEARCH_USER_PATHS = NO;
				CLANG_CXX_LANGUAGE_STANDARD = "gnu++0x";
				CLANG_CXX_LIBRARY = "libc++";
				CLANG_ENABLE_MODULES = YES;
				CLANG_ENABLE_OBJC_ARC = YES;
				CLANG_WARN_BOOL_CONVERSION = YES;
				CLANG_WARN_CONSTANT_CONVERSION = YES;
				CLANG_WARN_DIRECT_OBJC_ISA_USAGE = YES_ERROR;
				CLANG_WARN_EMPTY_BODY = YES;
				CLANG_WARN_ENUM_CONVERSION = YES;
				CLANG_WARN_INT_CONVERSION = YES;
				CLANG_WARN_OBJC_ROOT_CLASS = YES_ERROR;
				CLANG_WARN_UNREACHABLE_CODE = YES;
				CLANG_WARN__DUPLICATE_METHOD_MATCH = YES;
				CODE_SIGN_IDENTITY = "-";
				COPY_PHASE_STRIP = NO;
				CURRENT_PROJECT_VERSION = 1;
				DEBUG_INFORMATION_FORMAT = "dwarf-with-dsym";
				ENABLE_NS_ASSERTIONS = NO;
				ENABLE_STRICT_OBJC_MSGSEND = YES;
				GCC_C_LANGUAGE_STANDARD = gnu99;
				GCC_NO_COMMON_BLOCKS = YES;
				GCC_WARN_64_TO_32_BIT_CONVERSION = YES;
				GCC_WARN_ABOUT_RETURN_TYPE = YES_ERROR;
				GCC_WARN_UNDECLARED_SELECTOR = YES;
				GCC_WARN_UNINITIALIZED_AUTOS = YES_AGGRESSIVE;
				GCC_WARN_UNUSED_FUNCTION = YES;
				GCC_WARN_UNUSED_VARIABLE = YES;
				MACOSX_DEPLOYMENT_TARGET = 10.11;
				MTL_ENABLE_DEBUG_INFO = NO;
				SDKROOT = macosx;
				VERSIONING_SYSTEM = "apple-generic";
				VERSION_INFO_PREFIX = "";
			};
			name = Release;
		};
		0AB842771C5EA80E005CC6B4 /* Debug */ = {
			isa = XCBuildConfiguration;
			buildSettings = {
				CLANG_ENABLE_MODULES = YES;
				COMBINE_HIDPI_IMAGES = YES;
				DEFINES_MODULE = YES;
				DYLIB_COMPATIBILITY_VERSION = 1;
				DYLIB_CURRENT_VERSION = 1;
				DYLIB_INSTALL_NAME_BASE = "@rpath";
				FRAMEWORK_SEARCH_PATHS = (
					"$(inherited)",
					"$(PROJECT_DIR)/Xcode/Dependencies/When/build/Debug",
					"$(PROJECT_DIR)/Xcode/Dependencies/PlanTCP/build/Debug",
				);
				FRAMEWORK_VERSION = A;
				INFOPLIST_FILE = "$(SRCROOT)/Xcode/Info.plist";
				INSTALL_PATH = "$(LOCAL_LIBRARY_DIR)/Frameworks";
				LD_RUNPATH_SEARCH_PATHS = "$(inherited) @executable_path/../Frameworks @loader_path/Frameworks";
				PRODUCT_BUNDLE_IDENTIFIER = com.planteam.MongoKitten;
				PRODUCT_NAME = "$(TARGET_NAME)";
				SKIP_INSTALL = YES;
				SWIFT_OPTIMIZATION_LEVEL = "-Onone";
			};
			name = Debug;
		};
		0AB842781C5EA80E005CC6B4 /* Release */ = {
			isa = XCBuildConfiguration;
			buildSettings = {
				CLANG_ENABLE_MODULES = YES;
				COMBINE_HIDPI_IMAGES = YES;
				DEFINES_MODULE = YES;
				DYLIB_COMPATIBILITY_VERSION = 1;
				DYLIB_CURRENT_VERSION = 1;
				DYLIB_INSTALL_NAME_BASE = "@rpath";
				FRAMEWORK_SEARCH_PATHS = (
					"$(inherited)",
					"$(PROJECT_DIR)/Xcode/Dependencies/When/build/Debug",
					"$(PROJECT_DIR)/Xcode/Dependencies/PlanTCP/build/Debug",
				);
				FRAMEWORK_VERSION = A;
				INFOPLIST_FILE = "$(SRCROOT)/Xcode/Info.plist";
				INSTALL_PATH = "$(LOCAL_LIBRARY_DIR)/Frameworks";
				LD_RUNPATH_SEARCH_PATHS = "$(inherited) @executable_path/../Frameworks @loader_path/Frameworks";
				PRODUCT_BUNDLE_IDENTIFIER = com.planteam.MongoKitten;
				PRODUCT_NAME = "$(TARGET_NAME)";
				SKIP_INSTALL = YES;
			};
			name = Release;
		};
		0AB8427A1C5EA80E005CC6B4 /* Debug */ = {
			isa = XCBuildConfiguration;
			buildSettings = {
				COMBINE_HIDPI_IMAGES = YES;
				INFOPLIST_FILE = Xcode/TestInfo.plist;
				LD_RUNPATH_SEARCH_PATHS = "$(inherited) @executable_path/../Frameworks @loader_path/../Frameworks";
				PRODUCT_BUNDLE_IDENTIFIER = com.planteam.MongoKittenTests;
				PRODUCT_NAME = "$(TARGET_NAME)";
			};
			name = Debug;
		};
		0AB8427B1C5EA80E005CC6B4 /* Release */ = {
			isa = XCBuildConfiguration;
			buildSettings = {
				COMBINE_HIDPI_IMAGES = YES;
				INFOPLIST_FILE = Xcode/TestInfo.plist;
				LD_RUNPATH_SEARCH_PATHS = "$(inherited) @executable_path/../Frameworks @loader_path/../Frameworks";
				PRODUCT_BUNDLE_IDENTIFIER = com.planteam.MongoKittenTests;
				PRODUCT_NAME = "$(TARGET_NAME)";
			};
			name = Release;
		};
/* End XCBuildConfiguration section */

/* Begin XCConfigurationList section */
		0AB8425C1C5EA80D005CC6B4 /* Build configuration list for PBXProject "MongoKitten" */ = {
			isa = XCConfigurationList;
			buildConfigurations = (
				0AB842741C5EA80E005CC6B4 /* Debug */,
				0AB842751C5EA80E005CC6B4 /* Release */,
			);
			defaultConfigurationIsVisible = 0;
			defaultConfigurationName = Release;
		};
		0AB842761C5EA80E005CC6B4 /* Build configuration list for PBXNativeTarget "MongoKitten" */ = {
			isa = XCConfigurationList;
			buildConfigurations = (
				0AB842771C5EA80E005CC6B4 /* Debug */,
				0AB842781C5EA80E005CC6B4 /* Release */,
			);
			defaultConfigurationIsVisible = 0;
			defaultConfigurationName = Release;
		};
		0AB842791C5EA80E005CC6B4 /* Build configuration list for PBXNativeTarget "MongoKittenTests" */ = {
			isa = XCConfigurationList;
			buildConfigurations = (
				0AB8427A1C5EA80E005CC6B4 /* Debug */,
				0AB8427B1C5EA80E005CC6B4 /* Release */,
			);
			defaultConfigurationIsVisible = 0;
			defaultConfigurationName = Release;
		};
/* End XCConfigurationList section */
	};
	rootObject = 0AB842591C5EA80D005CC6B4 /* Project object */;
}
