PODS:
  - BSON (6.0.3):
    - SwiftNIO (>= 1.9.0)
  - CNIOAtomics (1.13.0)
  - CNIODarwin (1.13.0)
  - CNIOLinux (1.13.0)
  - CNIOSHA1 (1.13.0)
  - mongo_embedded (4.0.4)
  - MongoKitten (5.1.3):
    - BSON (>= 6.0.2)
    - MongoKitten/Core (= 5.1.3)
    - MongoKitten/GridFS (= 5.1.3)
    - MongoKitten/Mobile (= 5.1.3)
  - MongoKitten/_MongoKittenCrypto (5.1.3):
    - BSON (>= 6.0.2)
  - MongoKitten/Core (5.1.3):
    - BSON (>= 6.0.2)
    - MongoKitten/_MongoKittenCrypto
  - MongoKitten/GridFS (5.1.3):
    - BSON (>= 6.0.2)
    - MongoKitten/Core
  - MongoKitten/Mobile (5.1.3):
    - BSON (>= 6.0.2)
    - mongo_embedded (>= 4.0.4)
    - MongoKitten/Core
  - SwiftNIO (1.13.0):
    - CNIOAtomics (= 1.13.0)
    - CNIODarwin (= 1.13.0)
    - CNIOLinux (= 1.13.0)
    - CNIOSHA1 (= 1.13.0)
    - SwiftNIOConcurrencyHelpers (= 1.13.0)
  - SwiftNIOConcurrencyHelpers (1.13.0):
    - CNIOAtomics (= 1.13.0)

DEPENDENCIES:
  - MongoKitten (from `../../`)

SPEC REPOS:
  https://github.com/cocoapods/specs.git:
    - BSON
    - CNIOAtomics
    - CNIODarwin
    - CNIOLinux
    - CNIOSHA1
    - mongo_embedded
    - SwiftNIO
    - SwiftNIOConcurrencyHelpers

EXTERNAL SOURCES:
  MongoKitten:
    :path: "../../"

SPEC CHECKSUMS:
  BSON: e52b964aa61e0f8adb823c9083b2fec22040a12f
  CNIOAtomics: ebb029bc0545a8a985d379be8d99917ee5968c44
  CNIODarwin: fe828e0fe7970f932ed7e1ffc5e76a9b24e1a8ea
  CNIOLinux: 382fad86b59fa7470498621861cc9f670bfaf150
  CNIOSHA1: 4c615a274717bdb27ba616405ff70c0e5d6f5e91
  mongo_embedded: e413134eb6b60544e7278add03007f8fe384a00c
  MongoKitten: 9f3a846d66bb961a7d780eea0dd42bf026977f8a
  SwiftNIO: df48d7b349f05a294019a11c49783411f29f9836
  SwiftNIOConcurrencyHelpers: 7411dd902d37cb82ec5a86e6348ae539f1156840

PODFILE CHECKSUM: 260aab2f6b3f5832b7e6990ada4dd74c70692577

COCOAPODS: 1.5.3
