// !$*UTF8*$!
{
	archiveVersion = 1;
	classes = {
	};
	objectVersion = 46;
	objects = {

/* Begin PBXBuildFile section */
		0A4670701C6B9BE500101CCD /* Helper.swift in Sources */ = {isa = PBXBuildFile; fileRef = 0A46706F1C6B9BE500101CCD /* Helper.swift */; };
		0A4670751C6BA8B200101CCD /* MongoKitten.framework in Frameworks */ = {isa = PBXBuildFile; fileRef = 0AB842621C5EA80D005CC6B4 /* MongoKitten.framework */; };
		0A4D3C9C1CA27D32005FAAD7 /* HashProtocol.swift in Sources */ = {isa = PBXBuildFile; fileRef = 0A4D3C9B1CA27D32005FAAD7 /* HashProtocol.swift */; };
		0A4D3C9E1CA27D36005FAAD7 /* MD5.swift in Sources */ = {isa = PBXBuildFile; fileRef = 0A4D3C9D1CA27D36005FAAD7 /* MD5.swift */; };
		0A4D3CA01CA27D78005FAAD7 /* IntExtension.swift in Sources */ = {isa = PBXBuildFile; fileRef = 0A4D3C9F1CA27D78005FAAD7 /* IntExtension.swift */; };
		0A4D3CA21CA27DA0005FAAD7 /* Generics.swift in Sources */ = {isa = PBXBuildFile; fileRef = 0A4D3CA11CA27DA0005FAAD7 /* Generics.swift */; };
		0A4D3CA41CA27DC6005FAAD7 /* IntegerConvertible.swift in Sources */ = {isa = PBXBuildFile; fileRef = 0A4D3CA31CA27DC6005FAAD7 /* IntegerConvertible.swift */; };
		0A4D3CA61CA27DEB005FAAD7 /* Operators.swift in Sources */ = {isa = PBXBuildFile; fileRef = 0A4D3CA51CA27DEB005FAAD7 /* Operators.swift */; };
		0A4D3CA81CA27E0E005FAAD7 /* BytesSequence.swift in Sources */ = {isa = PBXBuildFile; fileRef = 0A4D3CA71CA27E0E005FAAD7 /* BytesSequence.swift */; };
		0A4D3CAA1CA27EED005FAAD7 /* Utils.swift in Sources */ = {isa = PBXBuildFile; fileRef = 0A4D3CA91CA27EED005FAAD7 /* Utils.swift */; };
		0A4D3CAC1CA27F4A005FAAD7 /* NSData+Extension.swift in Sources */ = {isa = PBXBuildFile; fileRef = 0A4D3CAB1CA27F4A005FAAD7 /* NSData+Extension.swift */; };
		0A4D3CAE1CA27FA1005FAAD7 /* CSArrayType+Extension.swift in Sources */ = {isa = PBXBuildFile; fileRef = 0A4D3CAD1CA27FA1005FAAD7 /* CSArrayType+Extension.swift */; };
		0A4D3CB41CA2806A005FAAD7 /* HMAC.swift in Sources */ = {isa = PBXBuildFile; fileRef = 0A4D3CB31CA2806A005FAAD7 /* HMAC.swift */; };
		0A4D3CB61CA280B5005FAAD7 /* Authenticator.swift in Sources */ = {isa = PBXBuildFile; fileRef = 0A4D3CB51CA280B5005FAAD7 /* Authenticator.swift */; };
		0A4D3CB91CA28452005FAAD7 /* Hash.swift in Sources */ = {isa = PBXBuildFile; fileRef = 0A4D3CB71CA28452005FAAD7 /* Hash.swift */; };
		0A4D3CBA1CA28452005FAAD7 /* SHA1.swift in Sources */ = {isa = PBXBuildFile; fileRef = 0A4D3CB81CA28452005FAAD7 /* SHA1.swift */; };
		0A4DA3B81CA1F57500DA2DB0 /* GridFS.swift in Sources */ = {isa = PBXBuildFile; fileRef = 0A4DA3B71CA1F57500DA2DB0 /* GridFS.swift */; };
		0A4EE5491CA837BF006AD31E /* CollectionTests.swift in Sources */ = {isa = PBXBuildFile; fileRef = 0AAB8F1D1CA80A640024DE47 /* CollectionTests.swift */; };
		0A4EE54A1CA837BF006AD31E /* SetupTests.swift in Sources */ = {isa = PBXBuildFile; fileRef = 0AAB8F1E1CA80A640024DE47 /* SetupTests.swift */; };
		0A4EE54B1CA837BF006AD31E /* SwiftRandom.swift in Sources */ = {isa = PBXBuildFile; fileRef = 0AAB8F1F1CA80A640024DE47 /* SwiftRandom.swift */; };
		0A4EE54C1CA837BF006AD31E /* TestManager.swift in Sources */ = {isa = PBXBuildFile; fileRef = 0AAB8F201CA80A640024DE47 /* TestManager.swift */; };
		0A50990A1C9C2EAC00135938 /* Flags.swift in Sources */ = {isa = PBXBuildFile; fileRef = 0A5099091C9C2EAC00135938 /* Flags.swift */; };
		0A51E4D71CA74E5D00F92EEB /* Dispatch.swift in Sources */ = {isa = PBXBuildFile; fileRef = 0A51E4D61CA74E5D00F92EEB /* Dispatch.swift */; };
		0AB842911C5EC46C005CC6B4 /* Server.swift in Sources */ = {isa = PBXBuildFile; fileRef = 0AB842901C5EC46C005CC6B4 /* Server.swift */; };
		0AB842931C5EC48A005CC6B4 /* Database.swift in Sources */ = {isa = PBXBuildFile; fileRef = 0AB842921C5EC48A005CC6B4 /* Database.swift */; };
		0AB842951C5EC495005CC6B4 /* Collection.swift in Sources */ = {isa = PBXBuildFile; fileRef = 0AB842941C5EC495005CC6B4 /* Collection.swift */; };
		0AB842981C5EC4BA005CC6B4 /* Message.swift in Sources */ = {isa = PBXBuildFile; fileRef = 0AB842971C5EC4BA005CC6B4 /* Message.swift */; };
		0AB8429A1C5EC5D0005CC6B4 /* OperationCode.swift in Sources */ = {isa = PBXBuildFile; fileRef = 0AB842991C5EC5D0005CC6B4 /* OperationCode.swift */; };
		F222D7DB1C7B139900778D2F /* Cursor.swift in Sources */ = {isa = PBXBuildFile; fileRef = F222D7DA1C7B139900778D2F /* Cursor.swift */; };
		F22CA28F1C7DF8F800FC9DBA /* Feature Checklist.md in Resources */ = {isa = PBXBuildFile; fileRef = F22CA28E1C7DF8F800FC9DBA /* Feature Checklist.md */; };
		F293D0341C7B0392003D6100 /* MongoError.swift in Sources */ = {isa = PBXBuildFile; fileRef = F293D0331C7B0392003D6100 /* MongoError.swift */; };
		F293F6F71C984D8D00ED7E03 /* QueryBuilder.swift in Sources */ = {isa = PBXBuildFile; fileRef = F293F6F61C984D8D00ED7E03 /* QueryBuilder.swift */; };
/* End PBXBuildFile section */

/* Begin PBXContainerItemProxy section */
		0A5101CF1C9EA00D0032E21C /* PBXContainerItemProxy */ = {
			isa = PBXContainerItemProxy;
			containerPortal = 0AB842591C5EA80D005CC6B4 /* Project object */;
			proxyType = 1;
			remoteGlobalIDString = F27F83941C849F610071B81F;
			remoteInfo = "SPM Dependencies";
		};
		0AB8426E1C5EA80E005CC6B4 /* PBXContainerItemProxy */ = {
			isa = PBXContainerItemProxy;
			containerPortal = 0AB842591C5EA80D005CC6B4 /* Project object */;
			proxyType = 1;
			remoteGlobalIDString = 0AB842611C5EA80D005CC6B4;
			remoteInfo = MongoKitten;
		};
/* End PBXContainerItemProxy section */

/* Begin PBXCopyFilesBuildPhase section */
		0A4DA3BB1CA20D7000DA2DB0 /* CopyFiles */ = {
			isa = PBXCopyFilesBuildPhase;
			buildActionMask = 12;
			dstPath = .;
			dstSubfolderSpec = 7;
			files = (
			);
			runOnlyForDeploymentPostprocessing = 0;
		};
/* End PBXCopyFilesBuildPhase section */

/* Begin PBXFileReference section */
		0A46706F1C6B9BE500101CCD /* Helper.swift */ = {isa = PBXFileReference; fileEncoding = 4; lastKnownFileType = sourcecode.swift; path = Helper.swift; sourceTree = "<group>"; };
		0A4D3C9B1CA27D32005FAAD7 /* HashProtocol.swift */ = {isa = PBXFileReference; fileEncoding = 4; lastKnownFileType = sourcecode.swift; path = HashProtocol.swift; sourceTree = "<group>"; };
		0A4D3C9D1CA27D36005FAAD7 /* MD5.swift */ = {isa = PBXFileReference; fileEncoding = 4; lastKnownFileType = sourcecode.swift; path = MD5.swift; sourceTree = "<group>"; };
		0A4D3C9F1CA27D78005FAAD7 /* IntExtension.swift */ = {isa = PBXFileReference; fileEncoding = 4; lastKnownFileType = sourcecode.swift; path = IntExtension.swift; sourceTree = "<group>"; };
		0A4D3CA11CA27DA0005FAAD7 /* Generics.swift */ = {isa = PBXFileReference; fileEncoding = 4; lastKnownFileType = sourcecode.swift; path = Generics.swift; sourceTree = "<group>"; };
		0A4D3CA31CA27DC6005FAAD7 /* IntegerConvertible.swift */ = {isa = PBXFileReference; fileEncoding = 4; lastKnownFileType = sourcecode.swift; path = IntegerConvertible.swift; sourceTree = "<group>"; };
		0A4D3CA51CA27DEB005FAAD7 /* Operators.swift */ = {isa = PBXFileReference; fileEncoding = 4; lastKnownFileType = sourcecode.swift; path = Operators.swift; sourceTree = "<group>"; };
		0A4D3CA71CA27E0E005FAAD7 /* BytesSequence.swift */ = {isa = PBXFileReference; fileEncoding = 4; lastKnownFileType = sourcecode.swift; path = BytesSequence.swift; sourceTree = "<group>"; };
		0A4D3CA91CA27EED005FAAD7 /* Utils.swift */ = {isa = PBXFileReference; fileEncoding = 4; lastKnownFileType = sourcecode.swift; path = Utils.swift; sourceTree = "<group>"; };
		0A4D3CAB1CA27F4A005FAAD7 /* NSData+Extension.swift */ = {isa = PBXFileReference; fileEncoding = 4; lastKnownFileType = sourcecode.swift; path = "NSData+Extension.swift"; sourceTree = "<group>"; };
		0A4D3CAD1CA27FA1005FAAD7 /* CSArrayType+Extension.swift */ = {isa = PBXFileReference; fileEncoding = 4; lastKnownFileType = sourcecode.swift; path = "CSArrayType+Extension.swift"; sourceTree = "<group>"; };
		0A4D3CB31CA2806A005FAAD7 /* HMAC.swift */ = {isa = PBXFileReference; fileEncoding = 4; lastKnownFileType = sourcecode.swift; path = HMAC.swift; sourceTree = "<group>"; };
		0A4D3CB51CA280B5005FAAD7 /* Authenticator.swift */ = {isa = PBXFileReference; fileEncoding = 4; lastKnownFileType = sourcecode.swift; path = Authenticator.swift; sourceTree = "<group>"; };
		0A4D3CB71CA28452005FAAD7 /* Hash.swift */ = {isa = PBXFileReference; fileEncoding = 4; lastKnownFileType = sourcecode.swift; path = Hash.swift; sourceTree = "<group>"; };
		0A4D3CB81CA28452005FAAD7 /* SHA1.swift */ = {isa = PBXFileReference; fileEncoding = 4; lastKnownFileType = sourcecode.swift; path = SHA1.swift; sourceTree = "<group>"; };
		0A4DA3B71CA1F57500DA2DB0 /* GridFS.swift */ = {isa = PBXFileReference; fileEncoding = 4; lastKnownFileType = sourcecode.swift; path = GridFS.swift; sourceTree = "<group>"; };
		0A5099091C9C2EAC00135938 /* Flags.swift */ = {isa = PBXFileReference; fileEncoding = 4; lastKnownFileType = sourcecode.swift; path = Flags.swift; sourceTree = "<group>"; };
		0A51E4D61CA74E5D00F92EEB /* Dispatch.swift */ = {isa = PBXFileReference; fileEncoding = 4; lastKnownFileType = sourcecode.swift; path = Dispatch.swift; sourceTree = "<group>"; };
		0AAB8F1D1CA80A640024DE47 /* CollectionTests.swift */ = {isa = PBXFileReference; fileEncoding = 4; lastKnownFileType = sourcecode.swift; name = CollectionTests.swift; path = MongoTests/CollectionTests.swift; sourceTree = "<group>"; };
		0AAB8F1E1CA80A640024DE47 /* SetupTests.swift */ = {isa = PBXFileReference; fileEncoding = 4; lastKnownFileType = sourcecode.swift; name = SetupTests.swift; path = MongoTests/SetupTests.swift; sourceTree = "<group>"; };
		0AAB8F1F1CA80A640024DE47 /* SwiftRandom.swift */ = {isa = PBXFileReference; fileEncoding = 4; lastKnownFileType = sourcecode.swift; name = SwiftRandom.swift; path = MongoTests/SwiftRandom.swift; sourceTree = "<group>"; };
		0AAB8F201CA80A640024DE47 /* TestManager.swift */ = {isa = PBXFileReference; fileEncoding = 4; lastKnownFileType = sourcecode.swift; name = TestManager.swift; path = MongoTests/TestManager.swift; sourceTree = "<group>"; };
		0AB2CBC51C69E5370009405F /* Package.swift */ = {isa = PBXFileReference; fileEncoding = 4; lastKnownFileType = sourcecode.swift; name = Package.swift; path = ../Package.swift; sourceTree = "<group>"; };
		0AB842621C5EA80D005CC6B4 /* MongoKitten.framework */ = {isa = PBXFileReference; explicitFileType = wrapper.framework; includeInIndex = 0; path = MongoKitten.framework; sourceTree = BUILT_PRODUCTS_DIR; };
		0AB8426C1C5EA80E005CC6B4 /* MongoKittenTests.xctest */ = {isa = PBXFileReference; explicitFileType = wrapper.cfbundle; includeInIndex = 0; path = MongoKittenTests.xctest; sourceTree = BUILT_PRODUCTS_DIR; };
		0AB842901C5EC46C005CC6B4 /* Server.swift */ = {isa = PBXFileReference; fileEncoding = 4; lastKnownFileType = sourcecode.swift; path = Server.swift; sourceTree = "<group>"; wrapsLines = 0; };
		0AB842921C5EC48A005CC6B4 /* Database.swift */ = {isa = PBXFileReference; fileEncoding = 4; lastKnownFileType = sourcecode.swift; path = Database.swift; sourceTree = "<group>"; };
		0AB842941C5EC495005CC6B4 /* Collection.swift */ = {isa = PBXFileReference; fileEncoding = 4; lastKnownFileType = sourcecode.swift; path = Collection.swift; sourceTree = "<group>"; };
		0AB842971C5EC4BA005CC6B4 /* Message.swift */ = {isa = PBXFileReference; fileEncoding = 4; lastKnownFileType = sourcecode.swift; path = Message.swift; sourceTree = "<group>"; };
		0AB842991C5EC5D0005CC6B4 /* OperationCode.swift */ = {isa = PBXFileReference; fileEncoding = 4; lastKnownFileType = sourcecode.swift; path = OperationCode.swift; sourceTree = "<group>"; };
		F208B3CF1C85DF9900693820 /* SPM.xcconfig */ = {isa = PBXFileReference; lastKnownFileType = text.xcconfig; path = SPM.xcconfig; sourceTree = "<group>"; };
		F222D7DA1C7B139900778D2F /* Cursor.swift */ = {isa = PBXFileReference; fileEncoding = 4; lastKnownFileType = sourcecode.swift; path = Cursor.swift; sourceTree = "<group>"; };
		F22CA28E1C7DF8F800FC9DBA /* Feature Checklist.md */ = {isa = PBXFileReference; fileEncoding = 4; lastKnownFileType = net.daringfireball.markdown; name = "Feature Checklist.md"; path = "../Feature Checklist.md"; sourceTree = "<group>"; };
		F27F83981C849F740071B81F /* Dependencies.sh */ = {isa = PBXFileReference; lastKnownFileType = text.script.sh; path = Dependencies.sh; sourceTree = "<group>"; };
		F293D0331C7B0392003D6100 /* MongoError.swift */ = {isa = PBXFileReference; fileEncoding = 4; lastKnownFileType = sourcecode.swift; path = MongoError.swift; sourceTree = "<group>"; };
		F293F6F61C984D8D00ED7E03 /* QueryBuilder.swift */ = {isa = PBXFileReference; fileEncoding = 4; lastKnownFileType = sourcecode.swift; path = QueryBuilder.swift; sourceTree = "<group>"; };
		F2B9F6FC1C6A41C7004383A9 /* Info.plist */ = {isa = PBXFileReference; lastKnownFileType = text.plist.xml; path = Info.plist; sourceTree = "<group>"; };
		F2B9F6FD1C6A41C7004383A9 /* TestInfo.plist */ = {isa = PBXFileReference; lastKnownFileType = text.plist.xml; path = TestInfo.plist; sourceTree = "<group>"; };
		F2CC563C1C6CD56C009BA6E2 /* README.md */ = {isa = PBXFileReference; fileEncoding = 4; lastKnownFileType = net.daringfireball.markdown; name = README.md; path = ../README.md; sourceTree = "<group>"; };
/* End PBXFileReference section */

/* Begin PBXFrameworksBuildPhase section */
		0AB8425E1C5EA80D005CC6B4 /* Frameworks */ = {
			isa = PBXFrameworksBuildPhase;
			buildActionMask = 2147483647;
			files = (
			);
			runOnlyForDeploymentPostprocessing = 0;
		};
		0AB842691C5EA80E005CC6B4 /* Frameworks */ = {
			isa = PBXFrameworksBuildPhase;
			buildActionMask = 2147483647;
			files = (
				0A4670751C6BA8B200101CCD /* MongoKitten.framework in Frameworks */,
			);
			runOnlyForDeploymentPostprocessing = 0;
		};
/* End PBXFrameworksBuildPhase section */

/* Begin PBXGroup section */
		0A4D3C9A1CA27D1E005FAAD7 /* CryptoSwift */ = {
			isa = PBXGroup;
			children = (
				0A4D3CB71CA28452005FAAD7 /* Hash.swift */,
				0A4D3CB81CA28452005FAAD7 /* SHA1.swift */,
				0A4D3CB51CA280B5005FAAD7 /* Authenticator.swift */,
				0A4D3C9B1CA27D32005FAAD7 /* HashProtocol.swift */,
				0A4D3CA91CA27EED005FAAD7 /* Utils.swift */,
				0A4D3CA51CA27DEB005FAAD7 /* Operators.swift */,
				0A4D3CAB1CA27F4A005FAAD7 /* NSData+Extension.swift */,
				0A4D3CA71CA27E0E005FAAD7 /* BytesSequence.swift */,
				0A4D3C9D1CA27D36005FAAD7 /* MD5.swift */,
				0A4D3CAD1CA27FA1005FAAD7 /* CSArrayType+Extension.swift */,
				0A4D3C9F1CA27D78005FAAD7 /* IntExtension.swift */,
				0A4D3CA31CA27DC6005FAAD7 /* IntegerConvertible.swift */,
				0A4D3CA11CA27DA0005FAAD7 /* Generics.swift */,
				0A4D3CB31CA2806A005FAAD7 /* HMAC.swift */,
			);
			name = CryptoSwift;
			sourceTree = "<group>";
		};
		0AB842581C5EA80D005CC6B4 = {
			isa = PBXGroup;
			children = (
				F22CA28E1C7DF8F800FC9DBA /* Feature Checklist.md */,
				F2CC563C1C6CD56C009BA6E2 /* README.md */,
				0AB2CBC51C69E5370009405F /* Package.swift */,
				0AB842641C5EA80D005CC6B4 /* Sources */,
				0AB842701C5EA80E005CC6B4 /* Tests */,
				F2B9F6FB1C6A41B8004383A9 /* Crap */,
			);
			sourceTree = "<group>";
		};
		0AB842631C5EA80D005CC6B4 /* Products */ = {
			isa = PBXGroup;
			children = (
				0AB842621C5EA80D005CC6B4 /* MongoKitten.framework */,
				0AB8426C1C5EA80E005CC6B4 /* MongoKittenTests.xctest */,
			);
			name = Products;
			sourceTree = "<group>";
		};
		0AB842641C5EA80D005CC6B4 /* Sources */ = {
			isa = PBXGroup;
			children = (
				0A4D3C9A1CA27D1E005FAAD7 /* CryptoSwift */,
				0AB842961C5EC4A7005CC6B4 /* Messages */,
				0AB842901C5EC46C005CC6B4 /* Server.swift */,
				0A51E4D61CA74E5D00F92EEB /* Dispatch.swift */,
				0AB842921C5EC48A005CC6B4 /* Database.swift */,
				0A46706F1C6B9BE500101CCD /* Helper.swift */,
				0AB842941C5EC495005CC6B4 /* Collection.swift */,
				0A4DA3B71CA1F57500DA2DB0 /* GridFS.swift */,
				0AB842991C5EC5D0005CC6B4 /* OperationCode.swift */,
				F293D0331C7B0392003D6100 /* MongoError.swift */,
				F222D7DA1C7B139900778D2F /* Cursor.swift */,
				F293F6F61C984D8D00ED7E03 /* QueryBuilder.swift */,
			);
			name = Sources;
			path = ../Sources;
			sourceTree = "<group>";
		};
		0AB842701C5EA80E005CC6B4 /* Tests */ = {
			isa = PBXGroup;
			children = (
				0AAB8F1D1CA80A640024DE47 /* CollectionTests.swift */,
				0AAB8F1E1CA80A640024DE47 /* SetupTests.swift */,
				0AAB8F1F1CA80A640024DE47 /* SwiftRandom.swift */,
				0AAB8F201CA80A640024DE47 /* TestManager.swift */,
			);
			name = Tests;
			path = ../Tests;
			sourceTree = "<group>";
		};
		0AB842961C5EC4A7005CC6B4 /* Messages */ = {
			isa = PBXGroup;
			children = (
				0A5099091C9C2EAC00135938 /* Flags.swift */,
				0AB842971C5EC4BA005CC6B4 /* Message.swift */,
			);
			name = Messages;
			sourceTree = "<group>";
		};
		F2B9F6FB1C6A41B8004383A9 /* Crap */ = {
			isa = PBXGroup;
			children = (
				F27F83981C849F740071B81F /* Dependencies.sh */,
				0AB842631C5EA80D005CC6B4 /* Products */,
				F2B9F6FC1C6A41C7004383A9 /* Info.plist */,
				F2B9F6FD1C6A41C7004383A9 /* TestInfo.plist */,
				F208B3CF1C85DF9900693820 /* SPM.xcconfig */,
			);
			name = Crap;
			sourceTree = "<group>";
		};
/* End PBXGroup section */

/* Begin PBXHeadersBuildPhase section */
		0AB8425F1C5EA80D005CC6B4 /* Headers */ = {
			isa = PBXHeadersBuildPhase;
			buildActionMask = 2147483647;
			files = (
			);
			runOnlyForDeploymentPostprocessing = 0;
		};
/* End PBXHeadersBuildPhase section */

/* Begin PBXLegacyTarget section */
		F27F83941C849F610071B81F /* SPM Dependencies */ = {
			isa = PBXLegacyTarget;
			buildArgumentsString = "$(ACTION)";
			buildConfigurationList = F27F83951C849F610071B81F /* Build configuration list for PBXLegacyTarget "SPM Dependencies" */;
			buildPhases = (
			);
			buildToolPath = "$(SRCROOT)/Dependencies.sh";
			buildWorkingDirectory = "";
			dependencies = (
			);
			name = "SPM Dependencies";
			passBuildSettingsInEnvironment = 1;
			productName = "SPM Dependencies";
		};
/* End PBXLegacyTarget section */

/* Begin PBXNativeTarget section */
		0AB842611C5EA80D005CC6B4 /* MongoKitten */ = {
			isa = PBXNativeTarget;
			buildConfigurationList = 0AB842761C5EA80E005CC6B4 /* Build configuration list for PBXNativeTarget "MongoKitten" */;
			buildPhases = (
				0AB8425D1C5EA80D005CC6B4 /* Sources */,
				0AB8425E1C5EA80D005CC6B4 /* Frameworks */,
				0AB8425F1C5EA80D005CC6B4 /* Headers */,
				0AB842601C5EA80D005CC6B4 /* Resources */,
			);
			buildRules = (
			);
			dependencies = (
				0A5101D01C9EA00D0032E21C /* PBXTargetDependency */,
			);
			name = MongoKitten;
			productName = MongoKitten;
			productReference = 0AB842621C5EA80D005CC6B4 /* MongoKitten.framework */;
			productType = "com.apple.product-type.framework";
		};
		0AB8426B1C5EA80E005CC6B4 /* MongoKittenTests */ = {
			isa = PBXNativeTarget;
			buildConfigurationList = 0AB842791C5EA80E005CC6B4 /* Build configuration list for PBXNativeTarget "MongoKittenTests" */;
			buildPhases = (
				0AB842681C5EA80E005CC6B4 /* Sources */,
				0AB8426A1C5EA80E005CC6B4 /* Resources */,
				0AB842691C5EA80E005CC6B4 /* Frameworks */,
				0A4DA3BB1CA20D7000DA2DB0 /* CopyFiles */,
			);
			buildRules = (
			);
			dependencies = (
				0AB8426F1C5EA80E005CC6B4 /* PBXTargetDependency */,
			);
			name = MongoKittenTests;
			productName = MongoKittenTests;
			productReference = 0AB8426C1C5EA80E005CC6B4 /* MongoKittenTests.xctest */;
			productType = "com.apple.product-type.bundle.unit-test";
		};
/* End PBXNativeTarget section */

/* Begin PBXProject section */
		0AB842591C5EA80D005CC6B4 /* Project object */ = {
			isa = PBXProject;
			attributes = {
				LastSwiftUpdateCheck = 0720;
				LastUpgradeCheck = 0720;
				ORGANIZATIONNAME = PlanTeam;
				TargetAttributes = {
					0AB842611C5EA80D005CC6B4 = {
						CreatedOnToolsVersion = 7.2;
					};
					0AB8426B1C5EA80E005CC6B4 = {
						CreatedOnToolsVersion = 7.2;
					};
					F27F83941C849F610071B81F = {
						CreatedOnToolsVersion = 7.3;
					};
				};
			};
			buildConfigurationList = 0AB8425C1C5EA80D005CC6B4 /* Build configuration list for PBXProject "MongoKitten" */;
			compatibilityVersion = "Xcode 3.2";
			developmentRegion = English;
			hasScannedForEncodings = 0;
			knownRegions = (
				en,
			);
			mainGroup = 0AB842581C5EA80D005CC6B4;
			productRefGroup = 0AB842631C5EA80D005CC6B4 /* Products */;
			projectDirPath = "";
			projectRoot = "";
			targets = (
				0AB842611C5EA80D005CC6B4 /* MongoKitten */,
				0AB8426B1C5EA80E005CC6B4 /* MongoKittenTests */,
				F27F83941C849F610071B81F /* SPM Dependencies */,
			);
		};
/* End PBXProject section */

/* Begin PBXResourcesBuildPhase section */
		0AB842601C5EA80D005CC6B4 /* Resources */ = {
			isa = PBXResourcesBuildPhase;
			buildActionMask = 2147483647;
			files = (
				F22CA28F1C7DF8F800FC9DBA /* Feature Checklist.md in Resources */,
			);
			runOnlyForDeploymentPostprocessing = 0;
		};
		0AB8426A1C5EA80E005CC6B4 /* Resources */ = {
			isa = PBXResourcesBuildPhase;
			buildActionMask = 2147483647;
			files = (
			);
			runOnlyForDeploymentPostprocessing = 0;
		};
/* End PBXResourcesBuildPhase section */

/* Begin PBXSourcesBuildPhase section */
		0AB8425D1C5EA80D005CC6B4 /* Sources */ = {
			isa = PBXSourcesBuildPhase;
			buildActionMask = 2147483647;
			files = (
				0A4D3C9E1CA27D36005FAAD7 /* MD5.swift in Sources */,
				F222D7DB1C7B139900778D2F /* Cursor.swift in Sources */,
				0A4670701C6B9BE500101CCD /* Helper.swift in Sources */,
				0AB842951C5EC495005CC6B4 /* Collection.swift in Sources */,
				0A50990A1C9C2EAC00135938 /* Flags.swift in Sources */,
				0AB842981C5EC4BA005CC6B4 /* Message.swift in Sources */,
				0AB842931C5EC48A005CC6B4 /* Database.swift in Sources */,
				0A4D3CA01CA27D78005FAAD7 /* IntExtension.swift in Sources */,
				0A4D3CA81CA27E0E005FAAD7 /* BytesSequence.swift in Sources */,
				0A4D3CA21CA27DA0005FAAD7 /* Generics.swift in Sources */,
				0AB842911C5EC46C005CC6B4 /* Server.swift in Sources */,
				F293D0341C7B0392003D6100 /* MongoError.swift in Sources */,
				F293F6F71C984D8D00ED7E03 /* QueryBuilder.swift in Sources */,
				0A4D3CB41CA2806A005FAAD7 /* HMAC.swift in Sources */,
				0A4DA3B81CA1F57500DA2DB0 /* GridFS.swift in Sources */,
				0A4D3CAC1CA27F4A005FAAD7 /* NSData+Extension.swift in Sources */,
				0A4D3CAA1CA27EED005FAAD7 /* Utils.swift in Sources */,
				0A4D3CA41CA27DC6005FAAD7 /* IntegerConvertible.swift in Sources */,
				0A4D3C9C1CA27D32005FAAD7 /* HashProtocol.swift in Sources */,
				0A4D3CB91CA28452005FAAD7 /* Hash.swift in Sources */,
				0AB8429A1C5EC5D0005CC6B4 /* OperationCode.swift in Sources */,
				0A4D3CBA1CA28452005FAAD7 /* SHA1.swift in Sources */,
				0A4D3CB61CA280B5005FAAD7 /* Authenticator.swift in Sources */,
				0A4D3CA61CA27DEB005FAAD7 /* Operators.swift in Sources */,
				0A4D3CAE1CA27FA1005FAAD7 /* CSArrayType+Extension.swift in Sources */,
				0A51E4D71CA74E5D00F92EEB /* Dispatch.swift in Sources */,
			);
			runOnlyForDeploymentPostprocessing = 0;
		};
		0AB842681C5EA80E005CC6B4 /* Sources */ = {
			isa = PBXSourcesBuildPhase;
			buildActionMask = 2147483647;
			files = (
				0A4EE54B1CA837BF006AD31E /* SwiftRandom.swift in Sources */,
				0A4EE5491CA837BF006AD31E /* CollectionTests.swift in Sources */,
				0A4EE54A1CA837BF006AD31E /* SetupTests.swift in Sources */,
				0A4EE54C1CA837BF006AD31E /* TestManager.swift in Sources */,
			);
			runOnlyForDeploymentPostprocessing = 0;
		};
/* End PBXSourcesBuildPhase section */

/* Begin PBXTargetDependency section */
		0A5101D01C9EA00D0032E21C /* PBXTargetDependency */ = {
			isa = PBXTargetDependency;
			target = F27F83941C849F610071B81F /* SPM Dependencies */;
			targetProxy = 0A5101CF1C9EA00D0032E21C /* PBXContainerItemProxy */;
		};
		0AB8426F1C5EA80E005CC6B4 /* PBXTargetDependency */ = {
			isa = PBXTargetDependency;
			target = 0AB842611C5EA80D005CC6B4 /* MongoKitten */;
			targetProxy = 0AB8426E1C5EA80E005CC6B4 /* PBXContainerItemProxy */;
		};
/* End PBXTargetDependency section */

/* Begin XCBuildConfiguration section */
		0AB842741C5EA80E005CC6B4 /* Debug */ = {
			isa = XCBuildConfiguration;
			buildSettings = {
				ALWAYS_SEARCH_USER_PATHS = NO;
				CLANG_CXX_LANGUAGE_STANDARD = "gnu++0x";
				CLANG_CXX_LIBRARY = "libc++";
				CLANG_ENABLE_MODULES = YES;
				CLANG_ENABLE_OBJC_ARC = YES;
				CLANG_WARN_BOOL_CONVERSION = YES;
				CLANG_WARN_CONSTANT_CONVERSION = YES;
				CLANG_WARN_DIRECT_OBJC_ISA_USAGE = YES_ERROR;
				CLANG_WARN_EMPTY_BODY = YES;
				CLANG_WARN_ENUM_CONVERSION = YES;
				CLANG_WARN_INT_CONVERSION = YES;
				CLANG_WARN_OBJC_ROOT_CLASS = YES_ERROR;
				CLANG_WARN_UNREACHABLE_CODE = YES;
				CLANG_WARN__DUPLICATE_METHOD_MATCH = YES;
				CODE_SIGN_IDENTITY = "";
				COPY_PHASE_STRIP = NO;
				CURRENT_PROJECT_VERSION = 1;
				DEBUG_INFORMATION_FORMAT = dwarf;
				ENABLE_STRICT_OBJC_MSGSEND = YES;
				ENABLE_TESTABILITY = YES;
				GCC_C_LANGUAGE_STANDARD = gnu99;
				GCC_DYNAMIC_NO_PIC = NO;
				GCC_NO_COMMON_BLOCKS = YES;
				GCC_OPTIMIZATION_LEVEL = 0;
				GCC_PREPROCESSOR_DEFINITIONS = (
					"DEBUG=1",
					"$(inherited)",
				);
				GCC_WARN_64_TO_32_BIT_CONVERSION = YES;
				GCC_WARN_ABOUT_RETURN_TYPE = YES_ERROR;
				GCC_WARN_UNDECLARED_SELECTOR = YES;
				GCC_WARN_UNINITIALIZED_AUTOS = YES_AGGRESSIVE;
				GCC_WARN_UNUSED_FUNCTION = YES;
				GCC_WARN_UNUSED_VARIABLE = YES;
				MACOSX_DEPLOYMENT_TARGET = 10.11;
				MTL_ENABLE_DEBUG_INFO = YES;
				ONLY_ACTIVE_ARCH = YES;
				OTHER_LDFLAGS = "";
				SDKROOT = macosx;
				SWIFT_OPTIMIZATION_LEVEL = "-Onone";
				VERSIONING_SYSTEM = "apple-generic";
				VERSION_INFO_PREFIX = "";
			};
			name = Debug;
		};
		0AB842751C5EA80E005CC6B4 /* Release */ = {
			isa = XCBuildConfiguration;
			buildSettings = {
				ALWAYS_SEARCH_USER_PATHS = NO;
				CLANG_CXX_LANGUAGE_STANDARD = "gnu++0x";
				CLANG_CXX_LIBRARY = "libc++";
				CLANG_ENABLE_MODULES = YES;
				CLANG_ENABLE_OBJC_ARC = YES;
				CLANG_WARN_BOOL_CONVERSION = YES;
				CLANG_WARN_CONSTANT_CONVERSION = YES;
				CLANG_WARN_DIRECT_OBJC_ISA_USAGE = YES_ERROR;
				CLANG_WARN_EMPTY_BODY = YES;
				CLANG_WARN_ENUM_CONVERSION = YES;
				CLANG_WARN_INT_CONVERSION = YES;
				CLANG_WARN_OBJC_ROOT_CLASS = YES_ERROR;
				CLANG_WARN_UNREACHABLE_CODE = YES;
				CLANG_WARN__DUPLICATE_METHOD_MATCH = YES;
				CODE_SIGN_IDENTITY = "";
				COPY_PHASE_STRIP = NO;
				CURRENT_PROJECT_VERSION = 1;
				DEBUG_INFORMATION_FORMAT = "dwarf-with-dsym";
				ENABLE_NS_ASSERTIONS = NO;
				ENABLE_STRICT_OBJC_MSGSEND = YES;
				GCC_C_LANGUAGE_STANDARD = gnu99;
				GCC_NO_COMMON_BLOCKS = YES;
				GCC_WARN_64_TO_32_BIT_CONVERSION = YES;
				GCC_WARN_ABOUT_RETURN_TYPE = YES_ERROR;
				GCC_WARN_UNDECLARED_SELECTOR = YES;
				GCC_WARN_UNINITIALIZED_AUTOS = YES_AGGRESSIVE;
				GCC_WARN_UNUSED_FUNCTION = YES;
				GCC_WARN_UNUSED_VARIABLE = YES;
				MACOSX_DEPLOYMENT_TARGET = 10.11;
				MTL_ENABLE_DEBUG_INFO = NO;
				OTHER_LDFLAGS = "";
				SDKROOT = macosx;
				VERSIONING_SYSTEM = "apple-generic";
				VERSION_INFO_PREFIX = "";
			};
			name = Release;
		};
		0AB842771C5EA80E005CC6B4 /* Debug */ = {
			isa = XCBuildConfiguration;
			baseConfigurationReference = F208B3CF1C85DF9900693820 /* SPM.xcconfig */;
			buildSettings = {
				CLANG_ENABLE_MODULES = YES;
				COMBINE_HIDPI_IMAGES = YES;
				DEFINES_MODULE = YES;
				DYLIB_COMPATIBILITY_VERSION = 1;
				DYLIB_CURRENT_VERSION = 1;
				DYLIB_INSTALL_NAME_BASE = "@rpath";
				FRAMEWORK_VERSION = A;
				INFOPLIST_FILE = "$(SRCROOT)/Info.plist";
				INSTALL_PATH = "$(LOCAL_LIBRARY_DIR)/Frameworks";
				LD_RUNPATH_SEARCH_PATHS = "$(inherited) @executable_path/../Frameworks @loader_path/Frameworks";
				LIBRARY_SEARCH_PATHS = (
					"$(inherited)",
					"$(SRCROOT)/../.build/debug",
				);
				PRODUCT_BUNDLE_IDENTIFIER = com.planteam.MongoKitten;
				PRODUCT_NAME = "$(TARGET_NAME)";
				SKIP_INSTALL = YES;
				SWIFT_INCLUDE_PATHS = "$(SRCROOT)/../.build/debug/";
				SWIFT_OPTIMIZATION_LEVEL = "-Onone";
			};
			name = Debug;
		};
		0AB842781C5EA80E005CC6B4 /* Release */ = {
			isa = XCBuildConfiguration;
			baseConfigurationReference = F208B3CF1C85DF9900693820 /* SPM.xcconfig */;
			buildSettings = {
				CLANG_ENABLE_MODULES = YES;
				COMBINE_HIDPI_IMAGES = YES;
				DEFINES_MODULE = YES;
				DYLIB_COMPATIBILITY_VERSION = 1;
				DYLIB_CURRENT_VERSION = 1;
				DYLIB_INSTALL_NAME_BASE = "@rpath";
				FRAMEWORK_VERSION = A;
				INFOPLIST_FILE = "$(SRCROOT)/Info.plist";
				INSTALL_PATH = "$(LOCAL_LIBRARY_DIR)/Frameworks";
				LD_RUNPATH_SEARCH_PATHS = "$(inherited) @executable_path/../Frameworks @loader_path/Frameworks";
				LIBRARY_SEARCH_PATHS = (
					"$(inherited)",
					"$(SRCROOT)/../.build/debug",
				);
				PRODUCT_BUNDLE_IDENTIFIER = com.planteam.MongoKitten;
				PRODUCT_NAME = "$(TARGET_NAME)";
				SKIP_INSTALL = YES;
				SWIFT_INCLUDE_PATHS = "$(SRCROOT)/../.build/debug/";
			};
			name = Release;
		};
		0AB8427A1C5EA80E005CC6B4 /* Debug */ = {
			isa = XCBuildConfiguration;
			buildSettings = {
				CODE_SIGN_IDENTITY = "";
				COMBINE_HIDPI_IMAGES = YES;
				INFOPLIST_FILE = TestInfo.plist;
				LD_RUNPATH_SEARCH_PATHS = "$(inherited) @executable_path/../Frameworks @loader_path/../Frameworks";
				PRODUCT_BUNDLE_IDENTIFIER = com.planteam.MongoKittenTests;
				PRODUCT_NAME = "$(TARGET_NAME)";
				SWIFT_INCLUDE_PATHS = "$(SRCROOT)/../.build/debug/";
			};
			name = Debug;
		};
		0AB8427B1C5EA80E005CC6B4 /* Release */ = {
			isa = XCBuildConfiguration;
			buildSettings = {
				CODE_SIGN_IDENTITY = "";
				COMBINE_HIDPI_IMAGES = YES;
				INFOPLIST_FILE = TestInfo.plist;
				LD_RUNPATH_SEARCH_PATHS = "$(inherited) @executable_path/../Frameworks @loader_path/../Frameworks";
				PRODUCT_BUNDLE_IDENTIFIER = com.planteam.MongoKittenTests;
				PRODUCT_NAME = "$(TARGET_NAME)";
				SWIFT_INCLUDE_PATHS = "$(SRCROOT)/../.build/debug/";
			};
			name = Release;
		};
		F27F83961C849F610071B81F /* Debug */ = {
			isa = XCBuildConfiguration;
			buildSettings = {
				CLANG_ANALYZER_NONNULL = YES;
				DEBUGGING_SYMBOLS = YES;
				DEBUG_INFORMATION_FORMAT = dwarf;
				GCC_GENERATE_DEBUGGING_SYMBOLS = YES;
				GCC_OPTIMIZATION_LEVEL = 0;
				OTHER_CFLAGS = "";
				OTHER_LDFLAGS = "";
				PRODUCT_NAME = "$(TARGET_NAME)";
			};
			name = Debug;
		};
		F27F83971C849F610071B81F /* Release */ = {
			isa = XCBuildConfiguration;
			buildSettings = {
				CLANG_ANALYZER_NONNULL = YES;
				DEBUG_INFORMATION_FORMAT = "dwarf-with-dsym";
				OTHER_CFLAGS = "";
				OTHER_LDFLAGS = "";
				PRODUCT_NAME = "$(TARGET_NAME)";
			};
			name = Release;
		};
/* End XCBuildConfiguration section */

/* Begin XCConfigurationList section */
		0AB8425C1C5EA80D005CC6B4 /* Build configuration list for PBXProject "MongoKitten" */ = {
			isa = XCConfigurationList;
			buildConfigurations = (
				0AB842741C5EA80E005CC6B4 /* Debug */,
				0AB842751C5EA80E005CC6B4 /* Release */,
			);
			defaultConfigurationIsVisible = 0;
			defaultConfigurationName = Release;
		};
		0AB842761C5EA80E005CC6B4 /* Build configuration list for PBXNativeTarget "MongoKitten" */ = {
			isa = XCConfigurationList;
			buildConfigurations = (
				0AB842771C5EA80E005CC6B4 /* Debug */,
				0AB842781C5EA80E005CC6B4 /* Release */,
			);
			defaultConfigurationIsVisible = 0;
			defaultConfigurationName = Release;
		};
		0AB842791C5EA80E005CC6B4 /* Build configuration list for PBXNativeTarget "MongoKittenTests" */ = {
			isa = XCConfigurationList;
			buildConfigurations = (
				0AB8427A1C5EA80E005CC6B4 /* Debug */,
				0AB8427B1C5EA80E005CC6B4 /* Release */,
			);
			defaultConfigurationIsVisible = 0;
			defaultConfigurationName = Release;
		};
		F27F83951C849F610071B81F /* Build configuration list for PBXLegacyTarget "SPM Dependencies" */ = {
			isa = XCConfigurationList;
			buildConfigurations = (
				F27F83961C849F610071B81F /* Debug */,
				F27F83971C849F610071B81F /* Release */,
			);
			defaultConfigurationIsVisible = 0;
			defaultConfigurationName = Release;
		};
/* End XCConfigurationList section */
	};
	rootObject = 0AB842591C5EA80D005CC6B4 /* Project object */;
}
